
Microsoft Visual Studio Solution File, Format Version 12.00
# Visual Studio Version 16
VisualStudioVersion = 16.0.30114.105
MinimumVisualStudioVersion = 10.0.40219.1
Project("{FAE04EC0-301F-11D3-BF4B-00C04F79EFBC}") = "SkillConnect.API", "SkillConnect.API\SkillConnect.API.csproj", "{10C59928-49FA-464B-B388-2CD8EFC601B5}"
EndProject
Project("{FAE04EC0-301F-11D3-BF4B-00C04F79EFBC}") = "SkillConnect.UnitTests", "SkillConnect.UnitTests\SkillConnect.UnitTests.csproj", "{8E9359F8-1E94-48E6-BFB1-1270878C0359}"
EndProject
Global
	GlobalSection(SolutionConfigurationPlatforms) = preSolution
		Debug|Any CPU = Debug|Any CPU
		Release|Any CPU = Release|Any CPU
	EndGlobalSection
	GlobalSection(SolutionProperties) = preSolution
		HideSolutionNode = FALSE
	EndGlobalSection
	GlobalSection(ProjectConfigurationPlatforms) = postSolution
		{10C59928-49FA-464B-B388-2CD8EFC601B5}.Debug|Any CPU.ActiveCfg = Debug|Any CPU
		{10C59928-49FA-464B-B388-2CD8EFC601B5}.Debug|Any CPU.Build.0 = Debug|Any CPU
		{10C59928-49FA-464B-B388-2CD8EFC601B5}.Release|Any CPU.ActiveCfg = Release|Any CPU
		{10C59928-49FA-464B-B388-2CD8EFC601B5}.Release|Any CPU.Build.0 = Release|Any CPU
		{8E9359F8-1E94-48E6-BFB1-1270878C0359}.Debug|Any CPU.ActiveCfg = Debug|Any CPU
		{8E9359F8-1E94-48E6-BFB1-1270878C0359}.Debug|Any CPU.Build.0 = Debug|Any CPU
		{8E9359F8-1E94-48E6-BFB1-1270878C0359}.Release|Any CPU.ActiveCfg = Release|Any CPU
		{8E9359F8-1E94-48E6-BFB1-1270878C0359}.Release|Any CPU.Build.0 = Release|Any CPU
	EndGlobalSection
EndGlobal
